
Microsoft Visual Studio Solution File, Format Version 12.00
# Visual Studio Version 17
VisualStudioVersion = 17.12.35707.178
MinimumVisualStudioVersion = 10.0.40219.1
Project("{2150E333-8FDC-42A3-9474-1A3956D46DE8}") = "Task0", "Task0", "{4F7E51E6-8CF6-4C35-BCB1-C667F727F999}"
EndProject
Project("{FAE04EC0-301F-11D3-BF4B-00C04F79EFBC}") = "Tyuiu.ZaicevYaA.Sprint4.Task0.V20", "Tyuiu.ZaicevYaA.Sprint4.Task0.V20\Tyuiu.ZaicevYaA.Sprint4.Task0.V20.csproj", "{79B5DBC1-8B71-473C-BB04-DD222E2913A6}"
EndProject
Project("{FAE04EC0-301F-11D3-BF4B-00C04F79EFBC}") = "Tyuiu.ZaicevYaA.Sprint4.Task0.V20.Lib", "Tyuiu.ZaicevYaA.Sprint4.Task0.V20.Lib\Tyuiu.ZaicevYaA.Sprint4.Task0.V20.Lib.csproj", "{47AF7E82-EC98-4769-BF09-A53AEEE5025E}"
EndProject
Project("{2150E333-8FDC-42A3-9474-1A3956D46DE8}") = "Task1", "Task1", "{FED6702E-A2FB-4999-AC5F-6291FD939347}"
EndProject
Project("{FAE04EC0-301F-11D3-BF4B-00C04F79EFBC}") = "Tyuiu.ZaicevYaA.Sprint4.Task1.V18", "Tyuiu.ZaicevYaA.Sprint4.Task1.V18\Tyuiu.ZaicevYaA.Sprint4.Task1.V18.csproj", "{12B043CD-3DDB-4F0E-9446-0603646B3C97}"
EndProject
Project("{FAE04EC0-301F-11D3-BF4B-00C04F79EFBC}") = "Tyuiu.ZaicevYaA.Sprint4.Task1.V18.Lib", "Tyuiu.ZaicevYaA.Sprint4.Task1.V18.Lib\Tyuiu.ZaicevYaA.Sprint4.Task1.V18.Lib.csproj", "{60834A56-E585-4BB9-92C9-E04B630532CC}"
EndProject
Project("{FAE04EC0-301F-11D3-BF4B-00C04F79EFBC}") = "Tyuiu.ZaicevYaA.Sprint4.Task1.V18.Test", "Tyuiu.ZaicevYaA.Sprint4.Task1.V18.Test\Tyuiu.ZaicevYaA.Sprint4.Task1.V18.Test.csproj", "{DBC1029A-3FFE-4EC9-B729-6ADF03B34BF6}"
EndProject
Project("{2150E333-8FDC-42A3-9474-1A3956D46DE8}") = "Task2", "Task2", "{B12BA523-C180-457B-87A2-CF14081794DA}"
EndProject
Project("{2150E333-8FDC-42A3-9474-1A3956D46DE8}") = "Task3", "Task3", "{CFACE9A9-AF5C-4369-A0C9-BE1B3C65B324}"
EndProject
Project("{2150E333-8FDC-42A3-9474-1A3956D46DE8}") = "Task4", "Task4", "{77AB395D-F862-4BF0-8193-FA85FB9571E1}"
EndProject
Project("{2150E333-8FDC-42A3-9474-1A3956D46DE8}") = "Task5", "Task5", "{B4FE530C-C2F9-40D1-ACB2-D0DB7EF89E92}"
EndProject
Project("{2150E333-8FDC-42A3-9474-1A3956D46DE8}") = "Task6", "Task6", "{38D53058-F589-4CEE-99BD-3D08F8B84742}"
EndProject
Project("{2150E333-8FDC-42A3-9474-1A3956D46DE8}") = "Task7", "Task7", "{4554FB85-7E9E-426E-84C2-62086320BF6E}"
EndProject
Project("{FAE04EC0-301F-11D3-BF4B-00C04F79EFBC}") = "Tyuiu.ZaicevYaA.Sprint4.Task2.V17", "Tyuiu.ZaicevYaA.Sprint4.Task2.V17\Tyuiu.ZaicevYaA.Sprint4.Task2.V17.csproj", "{A52ABE5E-00CD-4BC7-A8D0-46313ACE1901}"
EndProject
Project("{FAE04EC0-301F-11D3-BF4B-00C04F79EFBC}") = "Tyuiu.ZaicevYaA.Sprint4.Task2.V17.Lib", "Tyuiu.ZaicevYaA.Sprint4.Task2.V17.Lib\Tyuiu.ZaicevYaA.Sprint4.Task2.V17.Lib.csproj", "{D80E5765-95A0-44DB-803C-C77221A18FC1}"
EndProject
Project("{FAE04EC0-301F-11D3-BF4B-00C04F79EFBC}") = "Tyuiu.ZaicevYaA.Sprint4.Task2.V17.Test", "Tyuiu.ZaicevYaA.Sprint4.Task2.V17.Test\Tyuiu.ZaicevYaA.Sprint4.Task2.V17.Test.csproj", "{61374187-D1F6-4409-B69D-3463458BEB0E}"
EndProject
Project("{FAE04EC0-301F-11D3-BF4B-00C04F79EFBC}") = "Tyuiu.ZaicevYaA.Sprint4.Task3.V17", "Tyuiu.ZaicevYaA.Sprint4.Task3.V17\Tyuiu.ZaicevYaA.Sprint4.Task3.V17.csproj", "{143CEC9B-6E78-4A0C-B72B-B35D4B794CC3}"
EndProject
Project("{FAE04EC0-301F-11D3-BF4B-00C04F79EFBC}") = "Tyuiu.ZaicevYaA.Sprint4.Task3.V17.Lib", "Tyuiu.ZaicevYaA.Sprint4.Task3.V17.Lib\Tyuiu.ZaicevYaA.Sprint4.Task3.V17.Lib.csproj", "{1BF1C66A-97C1-414F-9F9A-282A6DA76EBF}"
EndProject
Project("{FAE04EC0-301F-11D3-BF4B-00C04F79EFBC}") = "Tyuiu.ZaicevYaA.Sprint4.Task3.V17.Test", "Tyuiu.ZaicevYaA.Sprint4.Task3.V17.Test\Tyuiu.ZaicevYaA.Sprint4.Task3.V17.Test.csproj", "{E86BF3DF-F551-4C80-8964-F248CBCE2F26}"
EndProject
Project("{FAE04EC0-301F-11D3-BF4B-00C04F79EFBC}") = "Tyuiu.ZaicevYaA.Sprint4.Task4.V14", "Tyuiu.ZaicevYaA.Sprint4.Task4.V14\Tyuiu.ZaicevYaA.Sprint4.Task4.V14.csproj", "{B15D32EA-E86A-4C7B-A96C-AD62E6A8047A}"
EndProject
Project("{FAE04EC0-301F-11D3-BF4B-00C04F79EFBC}") = "Tyuiu.ZaicevYaA.Sprint4.Task4.V14.Lib", "Tyuiu.ZaicevYaA.Sprint4.Task4.V14.Lib\Tyuiu.ZaicevYaA.Sprint4.Task4.V14.Lib.csproj", "{00A32432-9B5F-468A-AA41-09F411FE8D38}"
EndProject
Project("{FAE04EC0-301F-11D3-BF4B-00C04F79EFBC}") = "Tyuiu.ZaicevYaA.Sprint4.Task4.V14.Test", "Tyuiu.ZaicevYaA.Sprint4.Task4.V14.Test\Tyuiu.ZaicevYaA.Sprint4.Task4.V14.Test.csproj", "{6E05FFC8-7728-44D1-AC7E-A9C037BF5B36}"
EndProject
Project("{FAE04EC0-301F-11D3-BF4B-00C04F79EFBC}") = "Tyuiu.ZaicevYaA.Sprint4.Task5.V1", "Tyuiu.ZaicevYaA.Sprint4.Task5.V1\Tyuiu.ZaicevYaA.Sprint4.Task5.V1.csproj", "{34A5AB0A-3AA9-4B22-920C-54295D63A52A}"
EndProject
Project("{FAE04EC0-301F-11D3-BF4B-00C04F79EFBC}") = "Tyuiu.ZaicevYaA.Sprint4.Task5.V1.Lib", "Tyuiu.ZaicevYaA.Sprint4.Task5.V1.Lib\Tyuiu.ZaicevYaA.Sprint4.Task5.V1.Lib.csproj", "{4DFB31FB-960E-4E6C-A54D-8C6E8B3508D9}"
EndProject
Project("{FAE04EC0-301F-11D3-BF4B-00C04F79EFBC}") = "Tyuiu.ZaicevYaA.Sprint4.Task5.V1.Test", "Tyuiu.ZaicevYaA.Sprint4.Task5.V1.Test\Tyuiu.ZaicevYaA.Sprint4.Task5.V1.Test.csproj", "{B63758B1-FB37-4C7D-A5E0-DE6C48390C63}"
EndProject
Project("{FAE04EC0-301F-11D3-BF4B-00C04F79EFBC}") = "Tyuiu.ZaicevYaA.Sprint4.Task6.V19", "Tyuiu.ZaicevYaA.Sprint4.Task6.V19\Tyuiu.ZaicevYaA.Sprint4.Task6.V19.csproj", "{9C154C93-B199-453F-874B-B8CE5FAE3AF7}"
EndProject
Project("{FAE04EC0-301F-11D3-BF4B-00C04F79EFBC}") = "Tyuiu.ZaicevYaA.Sprint4.Task6.V19.Lib", "Tyuiu.ZaicevYaA.Sprint4.Task6.V19.Lib\Tyuiu.ZaicevYaA.Sprint4.Task6.V19.Lib.csproj", "{5FF8B054-CB20-44CE-B8AA-59C7C631683A}"
EndProject
Project("{FAE04EC0-301F-11D3-BF4B-00C04F79EFBC}") = "Tyuiu.ZaicevYaA.Sprint4.Task6.V19.Test", "Tyuiu.ZaicevYaA.Sprint4.Task6.V19.Test\Tyuiu.ZaicevYaA.Sprint4.Task6.V19.Test.csproj", "{FEBB012F-C48E-4739-AD98-1F977B66085E}"
EndProject
Project("{FAE04EC0-301F-11D3-BF4B-00C04F79EFBC}") = "Tyuiu.ZaicevYaA.Sprint4.Task7.V18", "Tyuiu.ZaicevYaA.Sprint4.Task7.V18\Tyuiu.ZaicevYaA.Sprint4.Task7.V18.csproj", "{A562F941-06DC-4979-970B-995A176BDDB9}"
EndProject
Project("{FAE04EC0-301F-11D3-BF4B-00C04F79EFBC}") = "Tyuiu.ZaicevYaA.Sprint4.Task7.V18.Lib", "Tyuiu.ZaicevYaA.Sprint4.Task7.V18.Lib\Tyuiu.ZaicevYaA.Sprint4.Task7.V18.Lib.csproj", "{009E60C3-0EBA-4102-8BE8-B67140088BC0}"
EndProject
Project("{FAE04EC0-301F-11D3-BF4B-00C04F79EFBC}") = "Tyuiu.ZaicevYaA.Sprint4.Task7.V18.Test", "Tyuiu.ZaicevYaA.Sprint4.Task7.V18.Test\Tyuiu.ZaicevYaA.Sprint4.Task7.V18.Test.csproj", "{88FFE9F8-BAB4-40C6-9847-84A8A1ABB0FC}"
EndProject
Global
	GlobalSection(SolutionConfigurationPlatforms) = preSolution
		Debug|Any CPU = Debug|Any CPU
		Release|Any CPU = Release|Any CPU
	EndGlobalSection
	GlobalSection(ProjectConfigurationPlatforms) = postSolution
		{79B5DBC1-8B71-473C-BB04-DD222E2913A6}.Debug|Any CPU.ActiveCfg = Debug|Any CPU
		{79B5DBC1-8B71-473C-BB04-DD222E2913A6}.Debug|Any CPU.Build.0 = Debug|Any CPU
		{79B5DBC1-8B71-473C-BB04-DD222E2913A6}.Release|Any CPU.ActiveCfg = Release|Any CPU
		{79B5DBC1-8B71-473C-BB04-DD222E2913A6}.Release|Any CPU.Build.0 = Release|Any CPU
		{47AF7E82-EC98-4769-BF09-A53AEEE5025E}.Debug|Any CPU.ActiveCfg = Debug|Any CPU
		{47AF7E82-EC98-4769-BF09-A53AEEE5025E}.Debug|Any CPU.Build.0 = Debug|Any CPU
		{47AF7E82-EC98-4769-BF09-A53AEEE5025E}.Release|Any CPU.ActiveCfg = Release|Any CPU
		{47AF7E82-EC98-4769-BF09-A53AEEE5025E}.Release|Any CPU.Build.0 = Release|Any CPU
		{12B043CD-3DDB-4F0E-9446-0603646B3C97}.Debug|Any CPU.ActiveCfg = Debug|Any CPU
		{12B043CD-3DDB-4F0E-9446-0603646B3C97}.Debug|Any CPU.Build.0 = Debug|Any CPU
		{12B043CD-3DDB-4F0E-9446-0603646B3C97}.Release|Any CPU.ActiveCfg = Release|Any CPU
		{12B043CD-3DDB-4F0E-9446-0603646B3C97}.Release|Any CPU.Build.0 = Release|Any CPU
		{60834A56-E585-4BB9-92C9-E04B630532CC}.Debug|Any CPU.ActiveCfg = Debug|Any CPU
		{60834A56-E585-4BB9-92C9-E04B630532CC}.Debug|Any CPU.Build.0 = Debug|Any CPU
		{60834A56-E585-4BB9-92C9-E04B630532CC}.Release|Any CPU.ActiveCfg = Release|Any CPU
		{60834A56-E585-4BB9-92C9-E04B630532CC}.Release|Any CPU.Build.0 = Release|Any CPU
		{DBC1029A-3FFE-4EC9-B729-6ADF03B34BF6}.Debug|Any CPU.ActiveCfg = Debug|Any CPU
		{DBC1029A-3FFE-4EC9-B729-6ADF03B34BF6}.Debug|Any CPU.Build.0 = Debug|Any CPU
		{DBC1029A-3FFE-4EC9-B729-6ADF03B34BF6}.Release|Any CPU.ActiveCfg = Release|Any CPU
		{DBC1029A-3FFE-4EC9-B729-6ADF03B34BF6}.Release|Any CPU.Build.0 = Release|Any CPU
		{A52ABE5E-00CD-4BC7-A8D0-46313ACE1901}.Debug|Any CPU.ActiveCfg = Debug|Any CPU
		{A52ABE5E-00CD-4BC7-A8D0-46313ACE1901}.Debug|Any CPU.Build.0 = Debug|Any CPU
		{A52ABE5E-00CD-4BC7-A8D0-46313ACE1901}.Release|Any CPU.ActiveCfg = Release|Any CPU
		{A52ABE5E-00CD-4BC7-A8D0-46313ACE1901}.Release|Any CPU.Build.0 = Release|Any CPU
		{D80E5765-95A0-44DB-803C-C77221A18FC1}.Debug|Any CPU.ActiveCfg = Debug|Any CPU
		{D80E5765-95A0-44DB-803C-C77221A18FC1}.Debug|Any CPU.Build.0 = Debug|Any CPU
		{D80E5765-95A0-44DB-803C-C77221A18FC1}.Release|Any CPU.ActiveCfg = Release|Any CPU
		{D80E5765-95A0-44DB-803C-C77221A18FC1}.Release|Any CPU.Build.0 = Release|Any CPU
		{61374187-D1F6-4409-B69D-3463458BEB0E}.Debug|Any CPU.ActiveCfg = Debug|Any CPU
		{61374187-D1F6-4409-B69D-3463458BEB0E}.Debug|Any CPU.Build.0 = Debug|Any CPU
		{61374187-D1F6-4409-B69D-3463458BEB0E}.Release|Any CPU.ActiveCfg = Release|Any CPU
		{61374187-D1F6-4409-B69D-3463458BEB0E}.Release|Any CPU.Build.0 = Release|Any CPU
		{143CEC9B-6E78-4A0C-B72B-B35D4B794CC3}.Debug|Any CPU.ActiveCfg = Debug|Any CPU
		{143CEC9B-6E78-4A0C-B72B-B35D4B794CC3}.Debug|Any CPU.Build.0 = Debug|Any CPU
		{143CEC9B-6E78-4A0C-B72B-B35D4B794CC3}.Release|Any CPU.ActiveCfg = Release|Any CPU
		{143CEC9B-6E78-4A0C-B72B-B35D4B794CC3}.Release|Any CPU.Build.0 = Release|Any CPU
		{1BF1C66A-97C1-414F-9F9A-282A6DA76EBF}.Debug|Any CPU.ActiveCfg = Debug|Any CPU
		{1BF1C66A-97C1-414F-9F9A-282A6DA76EBF}.Debug|Any CPU.Build.0 = Debug|Any CPU
		{1BF1C66A-97C1-414F-9F9A-282A6DA76EBF}.Release|Any CPU.ActiveCfg = Release|Any CPU
		{1BF1C66A-97C1-414F-9F9A-282A6DA76EBF}.Release|Any CPU.Build.0 = Release|Any CPU
		{E86BF3DF-F551-4C80-8964-F248CBCE2F26}.Debug|Any CPU.ActiveCfg = Debug|Any CPU
		{E86BF3DF-F551-4C80-8964-F248CBCE2F26}.Debug|Any CPU.Build.0 = Debug|Any CPU
		{E86BF3DF-F551-4C80-8964-F248CBCE2F26}.Release|Any CPU.ActiveCfg = Release|Any CPU
		{E86BF3DF-F551-4C80-8964-F248CBCE2F26}.Release|Any CPU.Build.0 = Release|Any CPU
		{B15D32EA-E86A-4C7B-A96C-AD62E6A8047A}.Debug|Any CPU.ActiveCfg = Debug|Any CPU
		{B15D32EA-E86A-4C7B-A96C-AD62E6A8047A}.Debug|Any CPU.Build.0 = Debug|Any CPU
		{B15D32EA-E86A-4C7B-A96C-AD62E6A8047A}.Release|Any CPU.ActiveCfg = Release|Any CPU
		{B15D32EA-E86A-4C7B-A96C-AD62E6A8047A}.Release|Any CPU.Build.0 = Release|Any CPU
		{00A32432-9B5F-468A-AA41-09F411FE8D38}.Debug|Any CPU.ActiveCfg = Debug|Any CPU
		{00A32432-9B5F-468A-AA41-09F411FE8D38}.Debug|Any CPU.Build.0 = Debug|Any CPU
		{00A32432-9B5F-468A-AA41-09F411FE8D38}.Release|Any CPU.ActiveCfg = Release|Any CPU
		{00A32432-9B5F-468A-AA41-09F411FE8D38}.Release|Any CPU.Build.0 = Release|Any CPU
		{6E05FFC8-7728-44D1-AC7E-A9C037BF5B36}.Debug|Any CPU.ActiveCfg = Debug|Any CPU
		{6E05FFC8-7728-44D1-AC7E-A9C037BF5B36}.Debug|Any CPU.Build.0 = Debug|Any CPU
		{6E05FFC8-7728-44D1-AC7E-A9C037BF5B36}.Release|Any CPU.ActiveCfg = Release|Any CPU
		{6E05FFC8-7728-44D1-AC7E-A9C037BF5B36}.Release|Any CPU.Build.0 = Release|Any CPU
		{34A5AB0A-3AA9-4B22-920C-54295D63A52A}.Debug|Any CPU.ActiveCfg = Debug|Any CPU
		{34A5AB0A-3AA9-4B22-920C-54295D63A52A}.Debug|Any CPU.Build.0 = Debug|Any CPU
		{34A5AB0A-3AA9-4B22-920C-54295D63A52A}.Release|Any CPU.ActiveCfg = Release|Any CPU
		{34A5AB0A-3AA9-4B22-920C-54295D63A52A}.Release|Any CPU.Build.0 = Release|Any CPU
		{4DFB31FB-960E-4E6C-A54D-8C6E8B3508D9}.Debug|Any CPU.ActiveCfg = Debug|Any CPU
		{4DFB31FB-960E-4E6C-A54D-8C6E8B3508D9}.Debug|Any CPU.Build.0 = Debug|Any CPU
		{4DFB31FB-960E-4E6C-A54D-8C6E8B3508D9}.Release|Any CPU.ActiveCfg = Release|Any CPU
		{4DFB31FB-960E-4E6C-A54D-8C6E8B3508D9}.Release|Any CPU.Build.0 = Release|Any CPU
		{B63758B1-FB37-4C7D-A5E0-DE6C48390C63}.Debug|Any CPU.ActiveCfg = Debug|Any CPU
		{B63758B1-FB37-4C7D-A5E0-DE6C48390C63}.Debug|Any CPU.Build.0 = Debug|Any CPU
		{B63758B1-FB37-4C7D-A5E0-DE6C48390C63}.Release|Any CPU.ActiveCfg = Release|Any CPU
		{B63758B1-FB37-4C7D-A5E0-DE6C48390C63}.Release|Any CPU.Build.0 = Release|Any CPU
		{9C154C93-B199-453F-874B-B8CE5FAE3AF7}.Debug|Any CPU.ActiveCfg = Debug|Any CPU
		{9C154C93-B199-453F-874B-B8CE5FAE3AF7}.Debug|Any CPU.Build.0 = Debug|Any CPU
		{9C154C93-B199-453F-874B-B8CE5FAE3AF7}.Release|Any CPU.ActiveCfg = Release|Any CPU
		{9C154C93-B199-453F-874B-B8CE5FAE3AF7}.Release|Any CPU.Build.0 = Release|Any CPU
		{5FF8B054-CB20-44CE-B8AA-59C7C631683A}.Debug|Any CPU.ActiveCfg = Debug|Any CPU
		{5FF8B054-CB20-44CE-B8AA-59C7C631683A}.Debug|Any CPU.Build.0 = Debug|Any CPU
		{5FF8B054-CB20-44CE-B8AA-59C7C631683A}.Release|Any CPU.ActiveCfg = Release|Any CPU
		{5FF8B054-CB20-44CE-B8AA-59C7C631683A}.Release|Any CPU.Build.0 = Release|Any CPU
		{FEBB012F-C48E-4739-AD98-1F977B66085E}.Debug|Any CPU.ActiveCfg = Debug|Any CPU
		{FEBB012F-C48E-4739-AD98-1F977B66085E}.Debug|Any CPU.Build.0 = Debug|Any CPU
		{FEBB012F-C48E-4739-AD98-1F977B66085E}.Release|Any CPU.ActiveCfg = Release|Any CPU
		{FEBB012F-C48E-4739-AD98-1F977B66085E}.Release|Any CPU.Build.0 = Release|Any CPU
		{A562F941-06DC-4979-970B-995A176BDDB9}.Debug|Any CPU.ActiveCfg = Debug|Any CPU
		{A562F941-06DC-4979-970B-995A176BDDB9}.Debug|Any CPU.Build.0 = Debug|Any CPU
		{A562F941-06DC-4979-970B-995A176BDDB9}.Release|Any CPU.ActiveCfg = Release|Any CPU
		{A562F941-06DC-4979-970B-995A176BDDB9}.Release|Any CPU.Build.0 = Release|Any CPU
		{009E60C3-0EBA-4102-8BE8-B67140088BC0}.Debug|Any CPU.ActiveCfg = Debug|Any CPU
		{009E60C3-0EBA-4102-8BE8-B67140088BC0}.Debug|Any CPU.Build.0 = Debug|Any CPU
		{009E60C3-0EBA-4102-8BE8-B67140088BC0}.Release|Any CPU.ActiveCfg = Release|Any CPU
		{009E60C3-0EBA-4102-8BE8-B67140088BC0}.Release|Any CPU.Build.0 = Release|Any CPU
		{88FFE9F8-BAB4-40C6-9847-84A8A1ABB0FC}.Debug|Any CPU.ActiveCfg = Debug|Any CPU
		{88FFE9F8-BAB4-40C6-9847-84A8A1ABB0FC}.Debug|Any CPU.Build.0 = Debug|Any CPU
		{88FFE9F8-BAB4-40C6-9847-84A8A1ABB0FC}.Release|Any CPU.ActiveCfg = Release|Any CPU
		{88FFE9F8-BAB4-40C6-9847-84A8A1ABB0FC}.Release|Any CPU.Build.0 = Release|Any CPU
	EndGlobalSection
	GlobalSection(SolutionProperties) = preSolution
		HideSolutionNode = FALSE
	EndGlobalSection
	GlobalSection(NestedProjects) = preSolution
		{79B5DBC1-8B71-473C-BB04-DD222E2913A6} = {4F7E51E6-8CF6-4C35-BCB1-C667F727F999}
		{47AF7E82-EC98-4769-BF09-A53AEEE5025E} = {4F7E51E6-8CF6-4C35-BCB1-C667F727F999}
		{12B043CD-3DDB-4F0E-9446-0603646B3C97} = {FED6702E-A2FB-4999-AC5F-6291FD939347}
		{60834A56-E585-4BB9-92C9-E04B630532CC} = {FED6702E-A2FB-4999-AC5F-6291FD939347}
		{DBC1029A-3FFE-4EC9-B729-6ADF03B34BF6} = {FED6702E-A2FB-4999-AC5F-6291FD939347}
		{A52ABE5E-00CD-4BC7-A8D0-46313ACE1901} = {B12BA523-C180-457B-87A2-CF14081794DA}
		{D80E5765-95A0-44DB-803C-C77221A18FC1} = {B12BA523-C180-457B-87A2-CF14081794DA}
		{61374187-D1F6-4409-B69D-3463458BEB0E} = {B12BA523-C180-457B-87A2-CF14081794DA}
		{143CEC9B-6E78-4A0C-B72B-B35D4B794CC3} = {CFACE9A9-AF5C-4369-A0C9-BE1B3C65B324}
		{1BF1C66A-97C1-414F-9F9A-282A6DA76EBF} = {CFACE9A9-AF5C-4369-A0C9-BE1B3C65B324}
		{E86BF3DF-F551-4C80-8964-F248CBCE2F26} = {CFACE9A9-AF5C-4369-A0C9-BE1B3C65B324}
		{B15D32EA-E86A-4C7B-A96C-AD62E6A8047A} = {77AB395D-F862-4BF0-8193-FA85FB9571E1}
		{00A32432-9B5F-468A-AA41-09F411FE8D38} = {77AB395D-F862-4BF0-8193-FA85FB9571E1}
		{6E05FFC8-7728-44D1-AC7E-A9C037BF5B36} = {77AB395D-F862-4BF0-8193-FA85FB9571E1}
		{34A5AB0A-3AA9-4B22-920C-54295D63A52A} = {B4FE530C-C2F9-40D1-ACB2-D0DB7EF89E92}
		{4DFB31FB-960E-4E6C-A54D-8C6E8B3508D9} = {B4FE530C-C2F9-40D1-ACB2-D0DB7EF89E92}
		{B63758B1-FB37-4C7D-A5E0-DE6C48390C63} = {B4FE530C-C2F9-40D1-ACB2-D0DB7EF89E92}
		{9C154C93-B199-453F-874B-B8CE5FAE3AF7} = {38D53058-F589-4CEE-99BD-3D08F8B84742}
		{5FF8B054-CB20-44CE-B8AA-59C7C631683A} = {38D53058-F589-4CEE-99BD-3D08F8B84742}
		{FEBB012F-C48E-4739-AD98-1F977B66085E} = {38D53058-F589-4CEE-99BD-3D08F8B84742}
		{A562F941-06DC-4979-970B-995A176BDDB9} = {4554FB85-7E9E-426E-84C2-62086320BF6E}
		{009E60C3-0EBA-4102-8BE8-B67140088BC0} = {4554FB85-7E9E-426E-84C2-62086320BF6E}
		{88FFE9F8-BAB4-40C6-9847-84A8A1ABB0FC} = {4554FB85-7E9E-426E-84C2-62086320BF6E}
	EndGlobalSection
EndGlobal
