
Microsoft Visual Studio Solution File, Format Version 12.00
# Visual Studio Version 17
VisualStudioVersion = 17.12.35707.178 d17.12
MinimumVisualStudioVersion = 10.0.40219.1
Project("{2150E333-8FDC-42A3-9474-1A3956D46DE8}") = "Task0", "Task0", "{4F7E51E6-8CF6-4C35-BCB1-C667F727F999}"
EndProject
Project("{FAE04EC0-301F-11D3-BF4B-00C04F79EFBC}") = "Tyuiu.ZaicevYaA.Sprint4.Task0.V20", "Tyuiu.ZaicevYaA.Sprint4.Task0.V20\Tyuiu.ZaicevYaA.Sprint4.Task0.V20.csproj", "{79B5DBC1-8B71-473C-BB04-DD222E2913A6}"
EndProject
Project("{FAE04EC0-301F-11D3-BF4B-00C04F79EFBC}") = "Tyuiu.ZaicevYaA.Sprint4.Task0.V20.Lib", "Tyuiu.ZaicevYaA.Sprint4.Task0.V20.Lib\Tyuiu.ZaicevYaA.Sprint4.Task0.V20.Lib.csproj", "{47AF7E82-EC98-4769-BF09-A53AEEE5025E}"
EndProject
Project("{2150E333-8FDC-42A3-9474-1A3956D46DE8}") = "Task1", "Task1", "{FED6702E-A2FB-4999-AC5F-6291FD939347}"
EndProject
Project("{FAE04EC0-301F-11D3-BF4B-00C04F79EFBC}") = "Tyuiu.ZaicevYaA.Sprint4.Task1.V18", "Tyuiu.ZaicevYaA.Sprint4.Task1.V18\Tyuiu.ZaicevYaA.Sprint4.Task1.V18.csproj", "{12B043CD-3DDB-4F0E-9446-0603646B3C97}"
EndProject
Project("{FAE04EC0-301F-11D3-BF4B-00C04F79EFBC}") = "Tyuiu.ZaicevYaA.Sprint4.Task1.V18.Lib", "Tyuiu.ZaicevYaA.Sprint4.Task1.V18.Lib\Tyuiu.ZaicevYaA.Sprint4.Task1.V18.Lib.csproj", "{60834A56-E585-4BB9-92C9-E04B630532CC}"
EndProject
Project("{FAE04EC0-301F-11D3-BF4B-00C04F79EFBC}") = "Tyuiu.ZaicevYaA.Sprint4.Task1.V18.Test", "Tyuiu.ZaicevYaA.Sprint4.Task1.V18.Test\Tyuiu.ZaicevYaA.Sprint4.Task1.V18.Test.csproj", "{DBC1029A-3FFE-4EC9-B729-6ADF03B34BF6}"
EndProject
Project("{2150E333-8FDC-42A3-9474-1A3956D46DE8}") = "Task2", "Task2", "{B12BA523-C180-457B-87A2-CF14081794DA}"
EndProject
Project("{2150E333-8FDC-42A3-9474-1A3956D46DE8}") = "Task3", "Task3", "{CFACE9A9-AF5C-4369-A0C9-BE1B3C65B324}"
EndProject
Project("{2150E333-8FDC-42A3-9474-1A3956D46DE8}") = "Task4", "Task4", "{77AB395D-F862-4BF0-8193-FA85FB9571E1}"
EndProject
Project("{2150E333-8FDC-42A3-9474-1A3956D46DE8}") = "Task5", "Task5", "{B4FE530C-C2F9-40D1-ACB2-D0DB7EF89E92}"
EndProject
Project("{2150E333-8FDC-42A3-9474-1A3956D46DE8}") = "Task6", "Task6", "{38D53058-F589-4CEE-99BD-3D08F8B84742}"
EndProject
Project("{2150E333-8FDC-42A3-9474-1A3956D46DE8}") = "Task7", "Task7", "{4554FB85-7E9E-426E-84C2-62086320BF6E}"
EndProject
Project("{FAE04EC0-301F-11D3-BF4B-00C04F79EFBC}") = "Tyuiu.ZaicevYaA.Sprint4.Task2.V17", "Tyuiu.ZaicevYaA.Sprint4.Task2.V17\Tyuiu.ZaicevYaA.Sprint4.Task2.V17.csproj", "{A52ABE5E-00CD-4BC7-A8D0-46313ACE1901}"
EndProject
Project("{FAE04EC0-301F-11D3-BF4B-00C04F79EFBC}") = "Tyuiu.ZaicevYaA.Sprint4.Task2.V17.Lib", "Tyuiu.ZaicevYaA.Sprint4.Task2.V17.Lib\Tyuiu.ZaicevYaA.Sprint4.Task2.V17.Lib.csproj", "{D80E5765-95A0-44DB-803C-C77221A18FC1}"
EndProject
Project("{FAE04EC0-301F-11D3-BF4B-00C04F79EFBC}") = "Tyuiu.ZaicevYaA.Sprint4.Task2.V17.Test", "Tyuiu.ZaicevYaA.Sprint4.Task2.V17.Test\Tyuiu.ZaicevYaA.Sprint4.Task2.V17.Test.csproj", "{61374187-D1F6-4409-B69D-3463458BEB0E}"
EndProject
Global
	GlobalSection(SolutionConfigurationPlatforms) = preSolution
		Debug|Any CPU = Debug|Any CPU
		Release|Any CPU = Release|Any CPU
	EndGlobalSection
	GlobalSection(ProjectConfigurationPlatforms) = postSolution
		{79B5DBC1-8B71-473C-BB04-DD222E2913A6}.Debug|Any CPU.ActiveCfg = Debug|Any CPU
		{79B5DBC1-8B71-473C-BB04-DD222E2913A6}.Debug|Any CPU.Build.0 = Debug|Any CPU
		{79B5DBC1-8B71-473C-BB04-DD222E2913A6}.Release|Any CPU.ActiveCfg = Release|Any CPU
		{79B5DBC1-8B71-473C-BB04-DD222E2913A6}.Release|Any CPU.Build.0 = Release|Any CPU
		{47AF7E82-EC98-4769-BF09-A53AEEE5025E}.Debug|Any CPU.ActiveCfg = Debug|Any CPU
		{47AF7E82-EC98-4769-BF09-A53AEEE5025E}.Debug|Any CPU.Build.0 = Debug|Any CPU
		{47AF7E82-EC98-4769-BF09-A53AEEE5025E}.Release|Any CPU.ActiveCfg = Release|Any CPU
		{47AF7E82-EC98-4769-BF09-A53AEEE5025E}.Release|Any CPU.Build.0 = Release|Any CPU
		{12B043CD-3DDB-4F0E-9446-0603646B3C97}.Debug|Any CPU.ActiveCfg = Debug|Any CPU
		{12B043CD-3DDB-4F0E-9446-0603646B3C97}.Debug|Any CPU.Build.0 = Debug|Any CPU
		{12B043CD-3DDB-4F0E-9446-0603646B3C97}.Release|Any CPU.ActiveCfg = Release|Any CPU
		{12B043CD-3DDB-4F0E-9446-0603646B3C97}.Release|Any CPU.Build.0 = Release|Any CPU
		{60834A56-E585-4BB9-92C9-E04B630532CC}.Debug|Any CPU.ActiveCfg = Debug|Any CPU
		{60834A56-E585-4BB9-92C9-E04B630532CC}.Debug|Any CPU.Build.0 = Debug|Any CPU
		{60834A56-E585-4BB9-92C9-E04B630532CC}.Release|Any CPU.ActiveCfg = Release|Any CPU
		{60834A56-E585-4BB9-92C9-E04B630532CC}.Release|Any CPU.Build.0 = Release|Any CPU
		{DBC1029A-3FFE-4EC9-B729-6ADF03B34BF6}.Debug|Any CPU.ActiveCfg = Debug|Any CPU
		{DBC1029A-3FFE-4EC9-B729-6ADF03B34BF6}.Debug|Any CPU.Build.0 = Debug|Any CPU
		{DBC1029A-3FFE-4EC9-B729-6ADF03B34BF6}.Release|Any CPU.ActiveCfg = Release|Any CPU
		{DBC1029A-3FFE-4EC9-B729-6ADF03B34BF6}.Release|Any CPU.Build.0 = Release|Any CPU
		{A52ABE5E-00CD-4BC7-A8D0-46313ACE1901}.Debug|Any CPU.ActiveCfg = Debug|Any CPU
		{A52ABE5E-00CD-4BC7-A8D0-46313ACE1901}.Debug|Any CPU.Build.0 = Debug|Any CPU
		{A52ABE5E-00CD-4BC7-A8D0-46313ACE1901}.Release|Any CPU.ActiveCfg = Release|Any CPU
		{A52ABE5E-00CD-4BC7-A8D0-46313ACE1901}.Release|Any CPU.Build.0 = Release|Any CPU
		{D80E5765-95A0-44DB-803C-C77221A18FC1}.Debug|Any CPU.ActiveCfg = Debug|Any CPU
		{D80E5765-95A0-44DB-803C-C77221A18FC1}.Debug|Any CPU.Build.0 = Debug|Any CPU
		{D80E5765-95A0-44DB-803C-C77221A18FC1}.Release|Any CPU.ActiveCfg = Release|Any CPU
		{D80E5765-95A0-44DB-803C-C77221A18FC1}.Release|Any CPU.Build.0 = Release|Any CPU
		{61374187-D1F6-4409-B69D-3463458BEB0E}.Debug|Any CPU.ActiveCfg = Debug|Any CPU
		{61374187-D1F6-4409-B69D-3463458BEB0E}.Debug|Any CPU.Build.0 = Debug|Any CPU
		{61374187-D1F6-4409-B69D-3463458BEB0E}.Release|Any CPU.ActiveCfg = Release|Any CPU
		{61374187-D1F6-4409-B69D-3463458BEB0E}.Release|Any CPU.Build.0 = Release|Any CPU
	EndGlobalSection
	GlobalSection(SolutionProperties) = preSolution
		HideSolutionNode = FALSE
	EndGlobalSection
	GlobalSection(NestedProjects) = preSolution
		{79B5DBC1-8B71-473C-BB04-DD222E2913A6} = {4F7E51E6-8CF6-4C35-BCB1-C667F727F999}
		{47AF7E82-EC98-4769-BF09-A53AEEE5025E} = {4F7E51E6-8CF6-4C35-BCB1-C667F727F999}
		{12B043CD-3DDB-4F0E-9446-0603646B3C97} = {FED6702E-A2FB-4999-AC5F-6291FD939347}
		{60834A56-E585-4BB9-92C9-E04B630532CC} = {FED6702E-A2FB-4999-AC5F-6291FD939347}
		{DBC1029A-3FFE-4EC9-B729-6ADF03B34BF6} = {FED6702E-A2FB-4999-AC5F-6291FD939347}
		{A52ABE5E-00CD-4BC7-A8D0-46313ACE1901} = {B12BA523-C180-457B-87A2-CF14081794DA}
		{D80E5765-95A0-44DB-803C-C77221A18FC1} = {B12BA523-C180-457B-87A2-CF14081794DA}
		{61374187-D1F6-4409-B69D-3463458BEB0E} = {B12BA523-C180-457B-87A2-CF14081794DA}
	EndGlobalSection
EndGlobal
